
Microsoft Visual Studio Solution File, Format Version 12.00
# Visual Studio 15
VisualStudioVersion = 15.0.26206.0
MinimumVisualStudioVersion = 10.0.40219.1
Project("{2150E333-8FDC-42A3-9474-1A3956D46DE8}") = "Solution Items", "Solution Items", "{68C3E5D4-06A3-4AC2-A34F-A25E9058542A}"
	ProjectSection(SolutionItems) = preProject
		.editorconfig = .editorconfig
	EndProjectSection
EndProject
Project("{2150E333-8FDC-42A3-9474-1A3956D46DE8}") = "samples", "samples", "{353E7ED4-2A91-4875-8F64-4B0CEDA925F8}"
EndProject
Project("{2150E333-8FDC-42A3-9474-1A3956D46DE8}") = "src", "src", "{CF42A678-4FFA-47AD-AD55-5CB81D2FB15F}"
EndProject
Project("{2150E333-8FDC-42A3-9474-1A3956D46DE8}") = "test", "test", "{AC0AB6DB-8A05-4663-8816-127AA8E292A3}"
EndProject
Project("{9A19103F-16F7-4668-BE54-9A1E7A4F7556}") = "FlexLabs.Util.Web", "src\FlexLabs.Util.Web\FlexLabs.Util.Web.csproj", "{D567670C-82E5-4FAD-8407-551E6396AE53}"
EndProject
Project("{9A19103F-16F7-4668-BE54-9A1E7A4F7556}") = "FlexLabs.Util.Mvc", "src\FlexLabs.Util.Mvc\FlexLabs.Util.Mvc.csproj", "{67488A14-4042-41CA-86E9-9C90DD4CB354}"
EndProject
Project("{9A19103F-16F7-4668-BE54-9A1E7A4F7556}") = "FlexLabs.Util.AspNetCore", "src\FlexLabs.Util.AspNetCore\FlexLabs.Util.AspNetCore.csproj", "{6C257350-A8F3-4D92-ACB2-E9049D247978}"
EndProject
Project("{FAE04EC0-301F-11D3-BF4B-00C04F79EFBC}") = "FlexLabs.Util.Mvc.Tests", "test\FlexLabs.Util.Mvc.Tests\FlexLabs.Util.Mvc.Tests.csproj", "{0047E4F6-42E8-4516-BAD8-121D4781C088}"
EndProject
Project("{FAE04EC0-301F-11D3-BF4B-00C04F79EFBC}") = "FlexLabs.Util.AspNetCore.Sample", "samples\FlexLabs.Util.AspNetCore.Sample\FlexLabs.Util.AspNetCore.Sample.csproj", "{4CFDD24B-5EAE-40A7-B668-326EBC149761}"
EndProject
Global
	GlobalSection(SolutionConfigurationPlatforms) = preSolution
		Debug|Any CPU = Debug|Any CPU
		Debug|x64 = Debug|x64
		Debug|x86 = Debug|x86
		Release|Any CPU = Release|Any CPU
		Release|x64 = Release|x64
		Release|x86 = Release|x86
	EndGlobalSection
	GlobalSection(ProjectConfigurationPlatforms) = postSolution
		{D567670C-82E5-4FAD-8407-551E6396AE53}.Debug|Any CPU.ActiveCfg = Debug|Any CPU
		{D567670C-82E5-4FAD-8407-551E6396AE53}.Debug|Any CPU.Build.0 = Debug|Any CPU
		{D567670C-82E5-4FAD-8407-551E6396AE53}.Debug|x64.ActiveCfg = Debug|x64
		{D567670C-82E5-4FAD-8407-551E6396AE53}.Debug|x64.Build.0 = Debug|x64
		{D567670C-82E5-4FAD-8407-551E6396AE53}.Debug|x86.ActiveCfg = Debug|x86
		{D567670C-82E5-4FAD-8407-551E6396AE53}.Debug|x86.Build.0 = Debug|x86
		{D567670C-82E5-4FAD-8407-551E6396AE53}.Release|Any CPU.ActiveCfg = Release|Any CPU
		{D567670C-82E5-4FAD-8407-551E6396AE53}.Release|Any CPU.Build.0 = Release|Any CPU
		{D567670C-82E5-4FAD-8407-551E6396AE53}.Release|x64.ActiveCfg = Release|x64
		{D567670C-82E5-4FAD-8407-551E6396AE53}.Release|x64.Build.0 = Release|x64
		{D567670C-82E5-4FAD-8407-551E6396AE53}.Release|x86.ActiveCfg = Release|x86
		{D567670C-82E5-4FAD-8407-551E6396AE53}.Release|x86.Build.0 = Release|x86
		{67488A14-4042-41CA-86E9-9C90DD4CB354}.Debug|Any CPU.ActiveCfg = Debug|Any CPU
		{67488A14-4042-41CA-86E9-9C90DD4CB354}.Debug|Any CPU.Build.0 = Debug|Any CPU
		{67488A14-4042-41CA-86E9-9C90DD4CB354}.Debug|x64.ActiveCfg = Debug|x64
		{67488A14-4042-41CA-86E9-9C90DD4CB354}.Debug|x64.Build.0 = Debug|x64
		{67488A14-4042-41CA-86E9-9C90DD4CB354}.Debug|x86.ActiveCfg = Debug|x86
		{67488A14-4042-41CA-86E9-9C90DD4CB354}.Debug|x86.Build.0 = Debug|x86
		{67488A14-4042-41CA-86E9-9C90DD4CB354}.Release|Any CPU.ActiveCfg = Release|Any CPU
		{67488A14-4042-41CA-86E9-9C90DD4CB354}.Release|Any CPU.Build.0 = Release|Any CPU
		{67488A14-4042-41CA-86E9-9C90DD4CB354}.Release|x64.ActiveCfg = Release|x64
		{67488A14-4042-41CA-86E9-9C90DD4CB354}.Release|x64.Build.0 = Release|x64
		{67488A14-4042-41CA-86E9-9C90DD4CB354}.Release|x86.ActiveCfg = Release|x86
		{67488A14-4042-41CA-86E9-9C90DD4CB354}.Release|x86.Build.0 = Release|x86
		{6C257350-A8F3-4D92-ACB2-E9049D247978}.Debug|Any CPU.ActiveCfg = Debug|Any CPU
		{6C257350-A8F3-4D92-ACB2-E9049D247978}.Debug|Any CPU.Build.0 = Debug|Any CPU
		{6C257350-A8F3-4D92-ACB2-E9049D247978}.Debug|x64.ActiveCfg = Debug|x64
		{6C257350-A8F3-4D92-ACB2-E9049D247978}.Debug|x64.Build.0 = Debug|x64
		{6C257350-A8F3-4D92-ACB2-E9049D247978}.Debug|x86.ActiveCfg = Debug|x86
		{6C257350-A8F3-4D92-ACB2-E9049D247978}.Debug|x86.Build.0 = Debug|x86
		{6C257350-A8F3-4D92-ACB2-E9049D247978}.Release|Any CPU.ActiveCfg = Release|Any CPU
		{6C257350-A8F3-4D92-ACB2-E9049D247978}.Release|Any CPU.Build.0 = Release|Any CPU
		{6C257350-A8F3-4D92-ACB2-E9049D247978}.Release|x64.ActiveCfg = Release|x64
		{6C257350-A8F3-4D92-ACB2-E9049D247978}.Release|x64.Build.0 = Release|x64
		{6C257350-A8F3-4D92-ACB2-E9049D247978}.Release|x86.ActiveCfg = Release|x86
		{6C257350-A8F3-4D92-ACB2-E9049D247978}.Release|x86.Build.0 = Release|x86
		{0047E4F6-42E8-4516-BAD8-121D4781C088}.Debug|Any CPU.ActiveCfg = Debug|Any CPU
		{0047E4F6-42E8-4516-BAD8-121D4781C088}.Debug|Any CPU.Build.0 = Debug|Any CPU
		{0047E4F6-42E8-4516-BAD8-121D4781C088}.Debug|x64.ActiveCfg = Debug|x64
		{0047E4F6-42E8-4516-BAD8-121D4781C088}.Debug|x64.Build.0 = Debug|x64
		{0047E4F6-42E8-4516-BAD8-121D4781C088}.Debug|x86.ActiveCfg = Debug|x86
		{0047E4F6-42E8-4516-BAD8-121D4781C088}.Debug|x86.Build.0 = Debug|x86
		{0047E4F6-42E8-4516-BAD8-121D4781C088}.Release|Any CPU.ActiveCfg = Release|Any CPU
		{0047E4F6-42E8-4516-BAD8-121D4781C088}.Release|Any CPU.Build.0 = Release|Any CPU
		{0047E4F6-42E8-4516-BAD8-121D4781C088}.Release|x64.ActiveCfg = Release|x64
		{0047E4F6-42E8-4516-BAD8-121D4781C088}.Release|x64.Build.0 = Release|x64
		{0047E4F6-42E8-4516-BAD8-121D4781C088}.Release|x86.ActiveCfg = Release|x86
		{0047E4F6-42E8-4516-BAD8-121D4781C088}.Release|x86.Build.0 = Release|x86
		{4CFDD24B-5EAE-40A7-B668-326EBC149761}.Debug|Any CPU.ActiveCfg = Debug|Any CPU
		{4CFDD24B-5EAE-40A7-B668-326EBC149761}.Debug|Any CPU.Build.0 = Debug|Any CPU
		{4CFDD24B-5EAE-40A7-B668-326EBC149761}.Debug|x64.ActiveCfg = Debug|x64
		{4CFDD24B-5EAE-40A7-B668-326EBC149761}.Debug|x64.Build.0 = Debug|x64
		{4CFDD24B-5EAE-40A7-B668-326EBC149761}.Debug|x86.ActiveCfg = Debug|x86
		{4CFDD24B-5EAE-40A7-B668-326EBC149761}.Debug|x86.Build.0 = Debug|x86
		{4CFDD24B-5EAE-40A7-B668-326EBC149761}.Release|Any CPU.ActiveCfg = Release|Any CPU
		{4CFDD24B-5EAE-40A7-B668-326EBC149761}.Release|Any CPU.Build.0 = Release|Any CPU
		{4CFDD24B-5EAE-40A7-B668-326EBC149761}.Release|x64.ActiveCfg = Release|x64
		{4CFDD24B-5EAE-40A7-B668-326EBC149761}.Release|x64.Build.0 = Release|x64
		{4CFDD24B-5EAE-40A7-B668-326EBC149761}.Release|x86.ActiveCfg = Release|x86
		{4CFDD24B-5EAE-40A7-B668-326EBC149761}.Release|x86.Build.0 = Release|x86
	EndGlobalSection
	GlobalSection(SolutionProperties) = preSolution
		HideSolutionNode = FALSE
	EndGlobalSection
	GlobalSection(NestedProjects) = preSolution
		{D567670C-82E5-4FAD-8407-551E6396AE53} = {CF42A678-4FFA-47AD-AD55-5CB81D2FB15F}
		{67488A14-4042-41CA-86E9-9C90DD4CB354} = {CF42A678-4FFA-47AD-AD55-5CB81D2FB15F}
		{6C257350-A8F3-4D92-ACB2-E9049D247978} = {CF42A678-4FFA-47AD-AD55-5CB81D2FB15F}
		{0047E4F6-42E8-4516-BAD8-121D4781C088} = {AC0AB6DB-8A05-4663-8816-127AA8E292A3}
		{4CFDD24B-5EAE-40A7-B668-326EBC149761} = {353E7ED4-2A91-4875-8F64-4B0CEDA925F8}
	EndGlobalSection
EndGlobal
